
Microsoft Visual Studio Solution File, Format Version 12.00
# Visual Studio Version 16
VisualStudioVersion = 16.0.29911.84
MinimumVisualStudioVersion = 10.0.40219.1
Project("{9A19103F-16F7-4668-BE54-9A1E7A4F7556}") = "FactionColors", "..\FactionColors\FactionColors.csproj", "{DA0757DA-B2A4-403D-A6E6-E47D6D754847}"
EndProject
Project("{9A19103F-16F7-4668-BE54-9A1E7A4F7556}") = "Corruption.Core-1.3", "Corruption.Core-1.3\Corruption.Core-1.3.csproj", "{0D3FA1CD-C5C8-4C42-B029-A0550A4F6C5D}"
EndProject
Global
	GlobalSection(SolutionConfigurationPlatforms) = preSolution
		Debug|Any CPU = Debug|Any CPU
		Release|Any CPU = Release|Any CPU
	EndGlobalSection
	GlobalSection(ProjectConfigurationPlatforms) = postSolution
		{DA0757DA-B2A4-403D-A6E6-E47D6D754847}.Debug|Any CPU.ActiveCfg = Debug|Any CPU
		{DA0757DA-B2A4-403D-A6E6-E47D6D754847}.Debug|Any CPU.Build.0 = Debug|Any CPU
		{DA0757DA-B2A4-403D-A6E6-E47D6D754847}.Release|Any CPU.ActiveCfg = Release|Any CPU
		{DA0757DA-B2A4-403D-A6E6-E47D6D754847}.Release|Any CPU.Build.0 = Release|Any CPU
		{0D3FA1CD-C5C8-4C42-B029-A0550A4F6C5D}.Debug|Any CPU.ActiveCfg = Debug|Any CPU
		{0D3FA1CD-C5C8-4C42-B029-A0550A4F6C5D}.Debug|Any CPU.Build.0 = Debug|Any CPU
		{0D3FA1CD-C5C8-4C42-B029-A0550A4F6C5D}.Release|Any CPU.ActiveCfg = Release|Any CPU
		{0D3FA1CD-C5C8-4C42-B029-A0550A4F6C5D}.Release|Any CPU.Build.0 = Release|Any CPU
	EndGlobalSection
	GlobalSection(SolutionProperties) = preSolution
		HideSolutionNode = FALSE
	EndGlobalSection
	GlobalSection(ExtensibilityGlobals) = postSolution
		SolutionGuid = {65F3272D-40B3-4A80-8492-F45C3A5194D9}
	EndGlobalSection
EndGlobal
